// !$*UTF8*$!
{
	archiveVersion = 1;
	classes = {
	};
	objectVersion = 77;
	objects = {

/* Begin PBXBuildFile section */
		43E0B0062E44B9CE00ABD93B /* README.md in Resources */ = {isa = PBXBuildFile; fileRef = 43E0B0052E44B9C400ABD93B /* README.md */; };
/* End PBXBuildFile section */

/* Begin PBXContainerItemProxy section */
		43E0AFE92E44B92400ABD93B /* PBXContainerItemProxy */ = {
			isa = PBXContainerItemProxy;
			containerPortal = 43E0AFD32E44B92300ABD93B /* Project object */;
			proxyType = 1;
			remoteGlobalIDString = 43E0AFDA2E44B92300ABD93B;
			remoteInfo = CoverageXUser;
		};
		43E0AFF32E44B92400ABD93B /* PBXContainerItemProxy */ = {
			isa = PBXContainerItemProxy;
			containerPortal = 43E0AFD32E44B92300ABD93B /* Project object */;
			proxyType = 1;
			remoteGlobalIDString = 43E0AFDA2E44B92300ABD93B;
			remoteInfo = CoverageXUser;
		};
/* End PBXContainerItemProxy section */

/* Begin PBXFileReference section */
		43E0AFDB2E44B92300ABD93B /* CoverageXUser.app */ = {isa = PBXFileReference; explicitFileType = wrapper.application; includeInIndex = 0; path = CoverageXUser.app; sourceTree = BUILT_PRODUCTS_DIR; };
		43E0AFE82E44B92400ABD93B /* CoverageXUserTests.xctest */ = {isa = PBXFileReference; explicitFileType = wrapper.cfbundle; includeInIndex = 0; path = CoverageXUserTests.xctest; sourceTree = BUILT_PRODUCTS_DIR; };
		43E0AFF22E44B92400ABD93B /* CoverageXUserUITests.xctest */ = {isa = PBXFileReference; explicitFileType = wrapper.cfbundle; includeInIndex = 0; path = CoverageXUserUITests.xctest; sourceTree = BUILT_PRODUCTS_DIR; };
		43E0B0052E44B9C400ABD93B /* README.md */ = {isa = PBXFileReference; lastKnownFileType = net.daringfireball.markdown; path = README.md; sourceTree = "<group>"; };
/* End PBXFileReference section */

/* Begin PBXFileSystemSynchronizedRootGroup section */
		43E0AFDD2E44B92300ABD93B /* CoverageXUser */ = {
			isa = PBXFileSystemSynchronizedRootGroup;
			path = CoverageXUser;
			sourceTree = "<group>";
		};
		43E0AFEB2E44B92400ABD93B /* CoverageXUserTests */ = {
			isa = PBXFileSystemSynchronizedRootGroup;
			path = CoverageXUserTests;
			sourceTree = "<group>";
		};
		43E0AFF52E44B92400ABD93B /* CoverageXUserUITests */ = {
			isa = PBXFileSystemSynchronizedRootGroup;
			path = CoverageXUserUITests;
			sourceTree = "<group>";
		};
/* End PBXFileSystemSynchronizedRootGroup section */

/* Begin PBXFrameworksBuildPhase section */
		43E0AFD82E44B92300ABD93B /* Frameworks */ = {
			isa = PBXFrameworksBuildPhase;
			buildActionMask = 2147483647;
			files = (
			);
			runOnlyForDeploymentPostprocessing = 0;
		};
		43E0AFE52E44B92400ABD93B /* Frameworks */ = {
			isa = PBXFrameworksBuildPhase;
			buildActionMask = 2147483647;
			files = (
			);
			runOnlyForDeploymentPostprocessing = 0;
		};
		43E0AFEF2E44B92400ABD93B /* Frameworks */ = {
			isa = PBXFrameworksBuildPhase;
			buildActionMask = 2147483647;
			files = (
			);
			runOnlyForDeploymentPostprocessing = 0;
		};
/* End PBXFrameworksBuildPhase section */

/* Begin PBXGroup section */
		43E0AFD22E44B92300ABD93B = {
			isa = PBXGroup;
			children = (
				43E0B0052E44B9C400ABD93B /* README.md */,
				43E0AFDD2E44B92300ABD93B /* CoverageXUser */,
				43E0AFEB2E44B92400ABD93B /* CoverageXUserTests */,
				43E0AFF52E44B92400ABD93B /* CoverageXUserUITests */,
				43E0AFDC2E44B92300ABD93B /* Products */,
			);
			sourceTree = "<group>";
		};
		43E0AFDC2E44B92300ABD93B /* Products */ = {
			isa = PBXGroup;
			children = (
				43E0AFDB2E44B92300ABD93B /* CoverageXUser.app */,
				43E0AFE82E44B92400ABD93B /* CoverageXUserTests.xctest */,
				43E0AFF22E44B92400ABD93B /* CoverageXUserUITests.xctest */,
			);
			name = Products;
			sourceTree = "<group>";
		};
/* End PBXGroup section */

/* Begin PBXNativeTarget section */
		43E0AFDA2E44B92300ABD93B /* CoverageXUser */ = {
			isa = PBXNativeTarget;
			buildConfigurationList = 43E0AFFC2E44B92400ABD93B /* Build configuration list for PBXNativeTarget "CoverageXUser" */;
			buildPhases = (
				43E0AFD72E44B92300ABD93B /* Sources */,
				43E0AFD82E44B92300ABD93B /* Frameworks */,
				43E0AFD92E44B92300ABD93B /* Resources */,
			);
			buildRules = (
			);
			dependencies = (
			);
			fileSystemSynchronizedGroups = (
				43E0AFDD2E44B92300ABD93B /* CoverageXUser */,
			);
			name = CoverageXUser;
			packageProductDependencies = (
			);
			productName = CoverageXUser;
			productReference = 43E0AFDB2E44B92300ABD93B /* CoverageXUser.app */;
			productType = "com.apple.product-type.application";
		};
		43E0AFE72E44B92400ABD93B /* CoverageXUserTests */ = {
			isa = PBXNativeTarget;
			buildConfigurationList = 43E0AFFF2E44B92400ABD93B /* Build configuration list for PBXNativeTarget "CoverageXUserTests" */;
			buildPhases = (
				43E0AFE42E44B92400ABD93B /* Sources */,
				43E0AFE52E44B92400ABD93B /* Frameworks */,
				43E0AFE62E44B92400ABD93B /* Resources */,
			);
			buildRules = (
			);
			dependencies = (
				43E0AFEA2E44B92400ABD93B /* PBXTargetDependency */,
			);
			fileSystemSynchronizedGroups = (
				43E0AFEB2E44B92400ABD93B /* CoverageXUserTests */,
			);
			name = CoverageXUserTests;
			packageProductDependencies = (
			);
			productName = CoverageXUserTests;
			productReference = 43E0AFE82E44B92400ABD93B /* CoverageXUserTests.xctest */;
			productType = "com.apple.product-type.bundle.unit-test";
		};
		43E0AFF12E44B92400ABD93B /* CoverageXUserUITests */ = {
			isa = PBXNativeTarget;
			buildConfigurationList = 43E0B0022E44B92400ABD93B /* Build configuration list for PBXNativeTarget "CoverageXUserUITests" */;
			buildPhases = (
				43E0AFEE2E44B92400ABD93B /* Sources */,
				43E0AFEF2E44B92400ABD93B /* Frameworks */,
				43E0AFF02E44B92400ABD93B /* Resources */,
			);
			buildRules = (
			);
			dependencies = (
				43E0AFF42E44B92400ABD93B /* PBXTargetDependency */,
			);
			fileSystemSynchronizedGroups = (
				43E0AFF52E44B92400ABD93B /* CoverageXUserUITests */,
			);
			name = CoverageXUserUITests;
			packageProductDependencies = (
			);
			productName = CoverageXUserUITests;
			productReference = 43E0AFF22E44B92400ABD93B /* CoverageXUserUITests.xctest */;
			productType = "com.apple.product-type.bundle.ui-testing";
		};
/* End PBXNativeTarget section */

/* Begin PBXProject section */
		43E0AFD32E44B92300ABD93B /* Project object */ = {
			isa = PBXProject;
			attributes = {
				BuildIndependentTargetsInParallel = 1;
				LastSwiftUpdateCheck = 1640;
				LastUpgradeCheck = 1640;
				TargetAttributes = {
					43E0AFDA2E44B92300ABD93B = {
						CreatedOnToolsVersion = 16.4;
					};
					43E0AFE72E44B92400ABD93B = {
						CreatedOnToolsVersion = 16.4;
						LastSwiftMigration = 1640;
						TestTargetID = 43E0AFDA2E44B92300ABD93B;
					};
					43E0AFF12E44B92400ABD93B = {
						CreatedOnToolsVersion = 16.4;
						TestTargetID = 43E0AFDA2E44B92300ABD93B;
					};
				};
			};
			buildConfigurationList = 43E0AFD62E44B92300ABD93B /* Build configuration list for PBXProject "CoverageXUser" */;
			developmentRegion = en;
			hasScannedForEncodings = 0;
			knownRegions = (
				en,
				Base,
			);
			mainGroup = 43E0AFD22E44B92300ABD93B;
			minimizedProjectReferenceProxies = 1;
			preferredProjectObjectVersion = 77;
			productRefGroup = 43E0AFDC2E44B92300ABD93B /* Products */;
			projectDirPath = "";
			projectRoot = "";
			targets = (
				43E0AFDA2E44B92300ABD93B /* CoverageXUser */,
				43E0AFE72E44B92400ABD93B /* CoverageXUserTests */,
				43E0AFF12E44B92400ABD93B /* CoverageXUserUITests */,
			);
		};
/* End PBXProject section */

/* Begin PBXResourcesBuildPhase section */
		43E0AFD92E44B92300ABD93B /* Resources */ = {
			isa = PBXResourcesBuildPhase;
			buildActionMask = 2147483647;
			files = (
				43E0B0062E44B9CE00ABD93B /* README.md in Resources */,
			);
			runOnlyForDeploymentPostprocessing = 0;
		};
		43E0AFE62E44B92400ABD93B /* Resources */ = {
			isa = PBXResourcesBuildPhase;
			buildActionMask = 2147483647;
			files = (
			);
			runOnlyForDeploymentPostprocessing = 0;
		};
		43E0AFF02E44B92400ABD93B /* Resources */ = {
			isa = PBXResourcesBuildPhase;
			buildActionMask = 2147483647;
			files = (
			);
			runOnlyForDeploymentPostprocessing = 0;
		};
/* End PBXResourcesBuildPhase section */

/* Begin PBXSourcesBuildPhase section */
		43E0AFD72E44B92300ABD93B /* Sources */ = {
			isa = PBXSourcesBuildPhase;
			buildActionMask = 2147483647;
			files = (
			);
			runOnlyForDeploymentPostprocessing = 0;
		};
		43E0AFE42E44B92400ABD93B /* Sources */ = {
			isa = PBXSourcesBuildPhase;
			buildActionMask = 2147483647;
			files = (
			);
			runOnlyForDeploymentPostprocessing = 0;
		};
		43E0AFEE2E44B92400ABD93B /* Sources */ = {
			isa = PBXSourcesBuildPhase;
			buildActionMask = 2147483647;
			files = (
			);
			runOnlyForDeploymentPostprocessing = 0;
		};
/* End PBXSourcesBuildPhase section */

/* Begin PBXTargetDependency section */
		43E0AFEA2E44B92400ABD93B /* PBXTargetDependency */ = {
			isa = PBXTargetDependency;
			target = 43E0AFDA2E44B92300ABD93B /* CoverageXUser */;
			targetProxy = 43E0AFE92E44B92400ABD93B /* PBXContainerItemProxy */;
		};
		43E0AFF42E44B92400ABD93B /* PBXTargetDependency */ = {
			isa = PBXTargetDependency;
			target = 43E0AFDA2E44B92300ABD93B /* CoverageXUser */;
			targetProxy = 43E0AFF32E44B92400ABD93B /* PBXContainerItemProxy */;
		};
/* End PBXTargetDependency section */

/* Begin XCBuildConfiguration section */
		43E0AFFA2E44B92400ABD93B /* Debug */ = {
			isa = XCBuildConfiguration;
			buildSettings = {
				ALWAYS_SEARCH_USER_PATHS = NO;
				ASSETCATALOG_COMPILER_GENERATE_SWIFT_ASSET_SYMBOL_EXTENSIONS = YES;
				CLANG_ANALYZER_NONNULL = YES;
				CLANG_ANALYZER_NUMBER_OBJECT_CONVERSION = YES_AGGRESSIVE;
				CLANG_CXX_LANGUAGE_STANDARD = "gnu++20";
				CLANG_ENABLE_MODULES = YES;
				CLANG_ENABLE_OBJC_ARC = YES;
				CLANG_ENABLE_OBJC_WEAK = YES;
				CLANG_WARN_BLOCK_CAPTURE_AUTORELEASING = YES;
				CLANG_WARN_BOOL_CONVERSION = YES;
				CLANG_WARN_COMMA = YES;
				CLANG_WARN_CONSTANT_CONVERSION = YES;
				CLANG_WARN_DEPRECATED_OBJC_IMPLEMENTATIONS = YES;
				CLANG_WARN_DIRECT_OBJC_ISA_USAGE = YES_ERROR;
				CLANG_WARN_DOCUMENTATION_COMMENTS = YES;
				CLANG_WARN_EMPTY_BODY = YES;
				CLANG_WARN_ENUM_CONVERSION = YES;
				CLANG_WARN_INFINITE_RECURSION = YES;
				CLANG_WARN_INT_CONVERSION = YES;
				CLANG_WARN_NON_LITERAL_NULL_CONVERSION = YES;
				CLANG_WARN_OBJC_IMPLICIT_RETAIN_SELF = YES;
				CLANG_WARN_OBJC_LITERAL_CONVERSION = YES;
				CLANG_WARN_OBJC_ROOT_CLASS = YES_ERROR;
				CLANG_WARN_QUOTED_INCLUDE_IN_FRAMEWORK_HEADER = YES;
				CLANG_WARN_RANGE_LOOP_ANALYSIS = YES;
				CLANG_WARN_STRICT_PROTOTYPES = YES;
				CLANG_WARN_SUSPICIOUS_MOVE = YES;
				CLANG_WARN_UNGUARDED_AVAILABILITY = YES_AGGRESSIVE;
				CLANG_WARN_UNREACHABLE_CODE = YES;
				CLANG_WARN__DUPLICATE_METHOD_MATCH = YES;
				COPY_PHASE_STRIP = NO;
				DEBUG_INFORMATION_FORMAT = dwarf;
				DEVELOPMENT_TEAM = U7ADR33282;
				ENABLE_STRICT_OBJC_MSGSEND = YES;
				ENABLE_TESTABILITY = YES;
				ENABLE_USER_SCRIPT_SANDBOXING = YES;
				GCC_C_LANGUAGE_STANDARD = gnu17;
				GCC_DYNAMIC_NO_PIC = NO;
				GCC_NO_COMMON_BLOCKS = YES;
				GCC_OPTIMIZATION_LEVEL = 0;
				GCC_PREPROCESSOR_DEFINITIONS = (
					"DEBUG=1",
					"$(inherited)",
				);
				GCC_WARN_64_TO_32_BIT_CONVERSION = YES;
				GCC_WARN_ABOUT_RETURN_TYPE = YES_ERROR;
				GCC_WARN_UNDECLARED_SELECTOR = YES;
				GCC_WARN_UNINITIALIZED_AUTOS = YES_AGGRESSIVE;
				GCC_WARN_UNUSED_FUNCTION = YES;
				GCC_WARN_UNUSED_VARIABLE = YES;
				IPHONEOS_DEPLOYMENT_TARGET = 18.5;
				LOCALIZATION_PREFERS_STRING_CATALOGS = YES;
				MTL_ENABLE_DEBUG_INFO = INCLUDE_SOURCE;
				MTL_FAST_MATH = YES;
				ONLY_ACTIVE_ARCH = YES;
				SDKROOT = iphoneos;
				SWIFT_ACTIVE_COMPILATION_CONDITIONS = "DEBUG $(inherited)";
				SWIFT_EMIT_LOC_STRINGS = YES;
				SWIFT_OPTIMIZATION_LEVEL = "-Onone";
			};
			name = Debug;
		};
		43E0AFFB2E44B92400ABD93B /* Release */ = {
			isa = XCBuildConfiguration;
			buildSettings = {
				ALWAYS_SEARCH_USER_PATHS = NO;
				ASSETCATALOG_COMPILER_GENERATE_SWIFT_ASSET_SYMBOL_EXTENSIONS = YES;
				CLANG_ANALYZER_NONNULL = YES;
				CLANG_ANALYZER_NUMBER_OBJECT_CONVERSION = YES_AGGRESSIVE;
				CLANG_CXX_LANGUAGE_STANDARD = "gnu++20";
				CLANG_ENABLE_MODULES = YES;
				CLANG_ENABLE_OBJC_ARC = YES;
				CLANG_ENABLE_OBJC_WEAK = YES;
				CLANG_WARN_BLOCK_CAPTURE_AUTORELEASING = YES;
				CLANG_WARN_BOOL_CONVERSION = YES;
				CLANG_WARN_COMMA = YES;
				CLANG_WARN_CONSTANT_CONVERSION = YES;
				CLANG_WARN_DEPRECATED_OBJC_IMPLEMENTATIONS = YES;
				CLANG_WARN_DIRECT_OBJC_ISA_USAGE = YES_ERROR;
				CLANG_WARN_DOCUMENTATION_COMMENTS = YES;
				CLANG_WARN_EMPTY_BODY = YES;
				CLANG_WARN_ENUM_CONVERSION = YES;
				CLANG_WARN_INFINITE_RECURSION = YES;
				CLANG_WARN_INT_CONVERSION = YES;
				CLANG_WARN_NON_LITERAL_NULL_CONVERSION = YES;
				CLANG_WARN_OBJC_IMPLICIT_RETAIN_SELF = YES;
				CLANG_WARN_OBJC_LITERAL_CONVERSION = YES;
				CLANG_WARN_OBJC_ROOT_CLASS = YES_ERROR;
				CLANG_WARN_QUOTED_INCLUDE_IN_FRAMEWORK_HEADER = YES;
				CLANG_WARN_RANGE_LOOP_ANALYSIS = YES;
				CLANG_WARN_STRICT_PROTOTYPES = YES;
				CLANG_WARN_SUSPICIOUS_MOVE = YES;
				CLANG_WARN_UNGUARDED_AVAILABILITY = YES_AGGRESSIVE;
				CLANG_WARN_UNREACHABLE_CODE = YES;
				CLANG_WARN__DUPLICATE_METHOD_MATCH = YES;
				COPY_PHASE_STRIP = NO;
				DEBUG_INFORMATION_FORMAT = "dwarf-with-dsym";
				DEVELOPMENT_TEAM = U7ADR33282;
				ENABLE_NS_ASSERTIONS = NO;
				ENABLE_STRICT_OBJC_MSGSEND = YES;
				ENABLE_USER_SCRIPT_SANDBOXING = YES;
				GCC_C_LANGUAGE_STANDARD = gnu17;
				GCC_NO_COMMON_BLOCKS = YES;
				GCC_WARN_64_TO_32_BIT_CONVERSION = YES;
				GCC_WARN_ABOUT_RETURN_TYPE = YES_ERROR;
				GCC_WARN_UNDECLARED_SELECTOR = YES;
				GCC_WARN_UNINITIALIZED_AUTOS = YES_AGGRESSIVE;
				GCC_WARN_UNUSED_FUNCTION = YES;
				GCC_WARN_UNUSED_VARIABLE = YES;
				IPHONEOS_DEPLOYMENT_TARGET = 18.5;
				LOCALIZATION_PREFERS_STRING_CATALOGS = YES;
				MTL_ENABLE_DEBUG_INFO = NO;
				MTL_FAST_MATH = YES;
				SDKROOT = iphoneos;
				SWIFT_COMPILATION_MODE = wholemodule;
				SWIFT_EMIT_LOC_STRINGS = YES;
				VALIDATE_PRODUCT = YES;
			};
			name = Release;
		};
		43E0AFFD2E44B92400ABD93B /* Debug */ = {
			isa = XCBuildConfiguration;
			buildSettings = {
				ASSETCATALOG_COMPILER_APPICON_NAME = AppIcon;
				ASSETCATALOG_COMPILER_GLOBAL_ACCENT_COLOR_NAME = AccentColor;
				CODE_SIGN_STYLE = Automatic;
				CURRENT_PROJECT_VERSION = 1;
				DEVELOPMENT_TEAM = U7ADR33282;
				ENABLE_PREVIEWS = YES;
				GENERATE_INFOPLIST_FILE = YES;
				INFOPLIST_KEY_UIApplicationSceneManifest_Generation = YES;
				INFOPLIST_KEY_UIApplicationSupportsIndirectInputEvents = YES;
				INFOPLIST_KEY_UILaunchScreen_Generation = YES;
				INFOPLIST_KEY_UISupportedInterfaceOrientations_iPad = "UIInterfaceOrientationPortrait UIInterfaceOrientationPortraitUpsideDown UIInterfaceOrientationLandscapeLeft UIInterfaceOrientationLandscapeRight";
				INFOPLIST_KEY_UISupportedInterfaceOrientations_iPhone = "UIInterfaceOrientationPortrait UIInterfaceOrientationLandscapeLeft UIInterfaceOrientationLandscapeRight";
				LD_RUNPATH_SEARCH_PATHS = (
					"$(inherited)",
					"@executable_path/Frameworks",
				);
				MARKETING_VERSION = 1.0;
				PRODUCT_BUNDLE_IDENTIFIER = lk.anujarosha.CoverageXUser;
				PRODUCT_NAME = "$(TARGET_NAME)";
				SWIFT_EMIT_LOC_STRINGS = YES;
				SWIFT_VERSION = 5.0;
				TARGETED_DEVICE_FAMILY = "1,2";
			};
			name = Debug;
		};
		43E0AFFE2E44B92400ABD93B /* Release */ = {
			isa = XCBuildConfiguration;
			buildSettings = {
				ASSETCATALOG_COMPILER_APPICON_NAME = AppIcon;
				ASSETCATALOG_COMPILER_GLOBAL_ACCENT_COLOR_NAME = AccentColor;
				CODE_SIGN_STYLE = Automatic;
				CURRENT_PROJECT_VERSION = 1;
				DEVELOPMENT_TEAM = U7ADR33282;
				ENABLE_PREVIEWS = YES;
				GENERATE_INFOPLIST_FILE = YES;
				INFOPLIST_KEY_UIApplicationSceneManifest_Generation = YES;
				INFOPLIST_KEY_UIApplicationSupportsIndirectInputEvents = YES;
				INFOPLIST_KEY_UILaunchScreen_Generation = YES;
				INFOPLIST_KEY_UISupportedInterfaceOrientations_iPad = "UIInterfaceOrientationPortrait UIInterfaceOrientationPortraitUpsideDown UIInterfaceOrientationLandscapeLeft UIInterfaceOrientationLandscapeRight";
				INFOPLIST_KEY_UISupportedInterfaceOrientations_iPhone = "UIInterfaceOrientationPortrait UIInterfaceOrientationLandscapeLeft UIInterfaceOrientationLandscapeRight";
				LD_RUNPATH_SEARCH_PATHS = (
					"$(inherited)",
					"@executable_path/Frameworks",
				);
				MARKETING_VERSION = 1.0;
				PRODUCT_BUNDLE_IDENTIFIER = lk.anujarosha.CoverageXUser;
				PRODUCT_NAME = "$(TARGET_NAME)";
				SWIFT_EMIT_LOC_STRINGS = YES;
				SWIFT_VERSION = 5.0;
				TARGETED_DEVICE_FAMILY = "1,2";
			};
			name = Release;
		};
		43E0B0002E44B92400ABD93B /* Debug */ = {
			isa = XCBuildConfiguration;
			buildSettings = {
				BUNDLE_LOADER = "$(TEST_HOST)";
				CLANG_ENABLE_MODULES = YES;
				CODE_SIGN_STYLE = Automatic;
				CURRENT_PROJECT_VERSION = 1;
				DEVELOPMENT_TEAM = U7ADR33282;
				GENERATE_INFOPLIST_FILE = YES;
				IPHONEOS_DEPLOYMENT_TARGET = 18.5;
				MARKETING_VERSION = 1.0;
				PRODUCT_BUNDLE_IDENTIFIER = lk.anujarosha.CoverageXUserTests;
				PRODUCT_NAME = "$(TARGET_NAME)";
				SWIFT_EMIT_LOC_STRINGS = NO;
				SWIFT_OPTIMIZATION_LEVEL = "-Onone";
				SWIFT_VERSION = 5.0;
				TARGETED_DEVICE_FAMILY = "1,2";
				TEST_HOST = "$(BUILT_PRODUCTS_DIR)/CoverageXUser.app/$(BUNDLE_EXECUTABLE_FOLDER_PATH)/CoverageXUser";
			};
			name = Debug;
		};
		43E0B0012E44B92400ABD93B /* Release */ = {
			isa = XCBuildConfiguration;
			buildSettings = {
				BUNDLE_LOADER = "$(TEST_HOST)";
				CLANG_ENABLE_MODULES = YES;
				CODE_SIGN_STYLE = Automatic;
				CURRENT_PROJECT_VERSION = 1;
				DEVELOPMENT_TEAM = U7ADR33282;
				GENERATE_INFOPLIST_FILE = YES;
				IPHONEOS_DEPLOYMENT_TARGET = 18.5;
				MARKETING_VERSION = 1.0;
				PRODUCT_BUNDLE_IDENTIFIER = lk.anujarosha.CoverageXUserTests;
				PRODUCT_NAME = "$(TARGET_NAME)";
				SWIFT_EMIT_LOC_STRINGS = NO;
				SWIFT_VERSION = 5.0;
				TARGETED_DEVICE_FAMILY = "1,2";
				TEST_HOST = "$(BUILT_PRODUCTS_DIR)/CoverageXUser.app/$(BUNDLE_EXECUTABLE_FOLDER_PATH)/CoverageXUser";
			};
			name = Release;
		};
		43E0B0032E44B92400ABD93B /* Debug */ = {
			isa = XCBuildConfiguration;
			buildSettings = {
				CODE_SIGN_STYLE = Automatic;
				CURRENT_PROJECT_VERSION = 1;
				DEVELOPMENT_TEAM = U7ADR33282;
				GENERATE_INFOPLIST_FILE = YES;
				MARKETING_VERSION = 1.0;
				PRODUCT_BUNDLE_IDENTIFIER = lk.anujarosha.CoverageXUserUITests;
				PRODUCT_NAME = "$(TARGET_NAME)";
				SWIFT_EMIT_LOC_STRINGS = NO;
				SWIFT_VERSION = 5.0;
				TARGETED_DEVICE_FAMILY = "1,2";
				TEST_TARGET_NAME = CoverageXUser;
			};
			name = Debug;
		};
		43E0B0042E44B92400ABD93B /* Release */ = {
			isa = XCBuildConfiguration;
			buildSettings = {
				CODE_SIGN_STYLE = Automatic;
				CURRENT_PROJECT_VERSION = 1;
				DEVELOPMENT_TEAM = U7ADR33282;
				GENERATE_INFOPLIST_FILE = YES;
				MARKETING_VERSION = 1.0;
				PRODUCT_BUNDLE_IDENTIFIER = lk.anujarosha.CoverageXUserUITests;
				PRODUCT_NAME = "$(TARGET_NAME)";
				SWIFT_EMIT_LOC_STRINGS = NO;
				SWIFT_VERSION = 5.0;
				TARGETED_DEVICE_FAMILY = "1,2";
				TEST_TARGET_NAME = CoverageXUser;
			};
			name = Release;
		};
/* End XCBuildConfiguration section */

/* Begin XCConfigurationList section */
		43E0AFD62E44B92300ABD93B /* Build configuration list for PBXProject "CoverageXUser" */ = {
			isa = XCConfigurationList;
			buildConfigurations = (
				43E0AFFA2E44B92400ABD93B /* Debug */,
				43E0AFFB2E44B92400ABD93B /* Release */,
			);
			defaultConfigurationIsVisible = 0;
			defaultConfigurationName = Release;
		};
		43E0AFFC2E44B92400ABD93B /* Build configuration list for PBXNativeTarget "CoverageXUser" */ = {
			isa = XCConfigurationList;
			buildConfigurations = (
				43E0AFFD2E44B92400ABD93B /* Debug */,
				43E0AFFE2E44B92400ABD93B /* Release */,
			);
			defaultConfigurationIsVisible = 0;
			defaultConfigurationName = Release;
		};
		43E0AFFF2E44B92400ABD93B /* Build configuration list for PBXNativeTarget "CoverageXUserTests" */ = {
			isa = XCConfigurationList;
			buildConfigurations = (
				43E0B0002E44B92400ABD93B /* Debug */,
				43E0B0012E44B92400ABD93B /* Release */,
			);
			defaultConfigurationIsVisible = 0;
			defaultConfigurationName = Release;
		};
		43E0B0022E44B92400ABD93B /* Build configuration list for PBXNativeTarget "CoverageXUserUITests" */ = {
			isa = XCConfigurationList;
			buildConfigurations = (
				43E0B0032E44B92400ABD93B /* Debug */,
				43E0B0042E44B92400ABD93B /* Release */,
			);
			defaultConfigurationIsVisible = 0;
			defaultConfigurationName = Release;
		};
/* End XCConfigurationList section */
	};
	rootObject = 43E0AFD32E44B92300ABD93B /* Project object */;
}
